
Microsoft Visual Studio Solution File, Format Version 12.00
# Visual Studio 14
VisualStudioVersion = 14.0.24720.0
MinimumVisualStudioVersion = 10.0.40219.1
Project("{FAE04EC0-301F-11D3-BF4B-00C04F79EFBC}") = "WebCamUploader", "WebCamUploader\WebCamUploader.csproj", "{23BA4560-4BAF-419F-BE25-414CDE2788F3}"
EndProject
Project("{FAE04EC0-301F-11D3-BF4B-00C04F79EFBC}") = "TestHarness", "TestHarness\TestHarness.csproj", "{C0EC1F35-48DE-4608-8875-F027354CC477}"
EndProject
Project("{FAE04EC0-301F-11D3-BF4B-00C04F79EFBC}") = "WebCamUploadService", "WebCamUploadService\WebCamUploadService.csproj", "{C1DAE827-37E0-4621-8E71-C9AC6BCDAC24}"
EndProject
Global
	GlobalSection(SolutionConfigurationPlatforms) = preSolution
		Debug|Any CPU = Debug|Any CPU
		Release|Any CPU = Release|Any CPU
	EndGlobalSection
	GlobalSection(ProjectConfigurationPlatforms) = postSolution
		{23BA4560-4BAF-419F-BE25-414CDE2788F3}.Debug|Any CPU.ActiveCfg = Debug|Any CPU
		{23BA4560-4BAF-419F-BE25-414CDE2788F3}.Debug|Any CPU.Build.0 = Debug|Any CPU
		{23BA4560-4BAF-419F-BE25-414CDE2788F3}.Release|Any CPU.ActiveCfg = Release|Any CPU
		{23BA4560-4BAF-419F-BE25-414CDE2788F3}.Release|Any CPU.Build.0 = Release|Any CPU
		{C0EC1F35-48DE-4608-8875-F027354CC477}.Debug|Any CPU.ActiveCfg = Debug|Any CPU
		{C0EC1F35-48DE-4608-8875-F027354CC477}.Debug|Any CPU.Build.0 = Debug|Any CPU
		{C0EC1F35-48DE-4608-8875-F027354CC477}.Release|Any CPU.ActiveCfg = Release|Any CPU
		{C0EC1F35-48DE-4608-8875-F027354CC477}.Release|Any CPU.Build.0 = Release|Any CPU
		{C1DAE827-37E0-4621-8E71-C9AC6BCDAC24}.Debug|Any CPU.ActiveCfg = Debug|Any CPU
		{C1DAE827-37E0-4621-8E71-C9AC6BCDAC24}.Debug|Any CPU.Build.0 = Debug|Any CPU
		{C1DAE827-37E0-4621-8E71-C9AC6BCDAC24}.Release|Any CPU.ActiveCfg = Release|Any CPU
		{C1DAE827-37E0-4621-8E71-C9AC6BCDAC24}.Release|Any CPU.Build.0 = Release|Any CPU
	EndGlobalSection
	GlobalSection(SolutionProperties) = preSolution
		HideSolutionNode = FALSE
	EndGlobalSection
EndGlobal
